
Microsoft Visual Studio Solution File, Format Version 12.00
# Visual Studio Version 16
VisualStudioVersion = 16.0.30503.244
MinimumVisualStudioVersion = 10.0.40219.1
Project("{FAE04EC0-301F-11D3-BF4B-00C04F79EFBC}") = "EasyAccess", "EasyAccess\EasyAccess.csproj", "{63D6482C-0D1C-4D30-9EE1-A9E3D07EFBAE}"
EndProject
Global
	GlobalSection(SolutionConfigurationPlatforms) = preSolution
		Debug|Any CPU = Debug|Any CPU
		Release|Any CPU = Release|Any CPU
	EndGlobalSection
	GlobalSection(ProjectConfigurationPlatforms) = postSolution
		{63D6482C-0D1C-4D30-9EE1-A9E3D07EFBAE}.Debug|Any CPU.ActiveCfg = Debug|Any CPU
		{63D6482C-0D1C-4D30-9EE1-A9E3D07EFBAE}.Debug|Any CPU.Build.0 = Debug|Any CPU
		{63D6482C-0D1C-4D30-9EE1-A9E3D07EFBAE}.Release|Any CPU.ActiveCfg = Release|Any CPU
		{63D6482C-0D1C-4D30-9EE1-A9E3D07EFBAE}.Release|Any CPU.Build.0 = Release|Any CPU
	EndGlobalSection
	GlobalSection(SolutionProperties) = preSolution
		HideSolutionNode = FALSE
	EndGlobalSection
	GlobalSection(ExtensibilityGlobals) = postSolution
		SolutionGuid = {60336391-8E6E-4761-AA8C-230B49DE1035}
	EndGlobalSection
EndGlobal
