
Microsoft Visual Studio Solution File, Format Version 12.00
# Visual Studio Version 16
VisualStudioVersion = 16.0.30503.244
MinimumVisualStudioVersion = 10.0.40219.1
Project("{FAE04EC0-301F-11D3-BF4B-00C04F79EFBC}") = "EasyAccess.Samples.Console", "EasyAccess.Samples.Console\EasyAccess.Samples.Console.csproj", "{8CACC9E7-DE84-410B-8311-28E240EC9407}"
EndProject
Global
	GlobalSection(SolutionConfigurationPlatforms) = preSolution
		Debug|Any CPU = Debug|Any CPU
		Release|Any CPU = Release|Any CPU
	EndGlobalSection
	GlobalSection(ProjectConfigurationPlatforms) = postSolution
		{8CACC9E7-DE84-410B-8311-28E240EC9407}.Debug|Any CPU.ActiveCfg = Debug|Any CPU
		{8CACC9E7-DE84-410B-8311-28E240EC9407}.Debug|Any CPU.Build.0 = Debug|Any CPU
		{8CACC9E7-DE84-410B-8311-28E240EC9407}.Release|Any CPU.ActiveCfg = Release|Any CPU
		{8CACC9E7-DE84-410B-8311-28E240EC9407}.Release|Any CPU.Build.0 = Release|Any CPU
	EndGlobalSection
	GlobalSection(SolutionProperties) = preSolution
		HideSolutionNode = FALSE
	EndGlobalSection
	GlobalSection(ExtensibilityGlobals) = postSolution
		SolutionGuid = {9931778B-0F2F-47A4-9E99-DE437A172C91}
	EndGlobalSection
EndGlobal
